
Microsoft Visual Studio Solution File, Format Version 12.00
# Visual Studio Version 16
VisualStudioVersion = 16.0.28803.202
MinimumVisualStudioVersion = 10.0.40219.1
Project("{FAE04EC0-301F-11D3-BF4B-00C04F79EFBC}") = "PhoneBook", "PhoneBook.csproj", "{96F440C4-55E7-4C1C-B960-20369828B65C}"
EndProject
Global
	GlobalSection(SolutionConfigurationPlatforms) = preSolution
		Debug|Any CPU = Debug|Any CPU
		Release|Any CPU = Release|Any CPU
	EndGlobalSection
	GlobalSection(ProjectConfigurationPlatforms) = postSolution
		{96F440C4-55E7-4C1C-B960-20369828B65C}.Debug|Any CPU.ActiveCfg = Debug|Any CPU
		{96F440C4-55E7-4C1C-B960-20369828B65C}.Debug|Any CPU.Build.0 = Debug|Any CPU
		{96F440C4-55E7-4C1C-B960-20369828B65C}.Release|Any CPU.ActiveCfg = Release|Any CPU
		{96F440C4-55E7-4C1C-B960-20369828B65C}.Release|Any CPU.Build.0 = Release|Any CPU
	EndGlobalSection
	GlobalSection(SolutionProperties) = preSolution
		HideSolutionNode = FALSE
	EndGlobalSection
	GlobalSection(ExtensibilityGlobals) = postSolution
		SolutionGuid = {22D60933-5D84-423C-BA1E-1A0F78A64D3D}
	EndGlobalSection
EndGlobal
